
Microsoft Visual Studio Solution File, Format Version 12.00
# Visual Studio 2012
Project("{FAE04EC0-301F-11D3-BF4B-00C04F79EFBC}") = "ExcelReader", "ExcelReader\ExcelReader.csproj", "{9E4E446B-5CE1-418F-B399-69CDB6449846}"
EndProject
Project("{FAE04EC0-301F-11D3-BF4B-00C04F79EFBC}") = "UnitTest", "ExcelReaderTest\UnitTest.csproj", "{A8DB59EB-DE49-4200-B589-FB304504861E}"
EndProject
Global
	GlobalSection(SolutionConfigurationPlatforms) = preSolution
		Debug|Any CPU = Debug|Any CPU
		Release|Any CPU = Release|Any CPU
	EndGlobalSection
	GlobalSection(ProjectConfigurationPlatforms) = postSolution
		{9E4E446B-5CE1-418F-B399-69CDB6449846}.Debug|Any CPU.ActiveCfg = Debug|Any CPU
		{9E4E446B-5CE1-418F-B399-69CDB6449846}.Debug|Any CPU.Build.0 = Debug|Any CPU
		{9E4E446B-5CE1-418F-B399-69CDB6449846}.Release|Any CPU.ActiveCfg = Release|Any CPU
		{9E4E446B-5CE1-418F-B399-69CDB6449846}.Release|Any CPU.Build.0 = Release|Any CPU
		{A8DB59EB-DE49-4200-B589-FB304504861E}.Debug|Any CPU.ActiveCfg = Debug|Any CPU
		{A8DB59EB-DE49-4200-B589-FB304504861E}.Debug|Any CPU.Build.0 = Debug|Any CPU
		{A8DB59EB-DE49-4200-B589-FB304504861E}.Release|Any CPU.ActiveCfg = Release|Any CPU
		{A8DB59EB-DE49-4200-B589-FB304504861E}.Release|Any CPU.Build.0 = Release|Any CPU
	EndGlobalSection
	GlobalSection(SolutionProperties) = preSolution
		HideSolutionNode = FALSE
	EndGlobalSection
EndGlobal
